
Microsoft Visual Studio Solution File, Format Version 12.00
# Visual Studio Version 17
VisualStudioVersion = 17.9.34622.214
MinimumVisualStudioVersion = 10.0.40219.1
Project("{9A19103F-16F7-4668-BE54-9A1E7A4F7556}") = "AppEndDynaCode", "AppEndDynaCode\AppEndDynaCode.csproj", "{A8014742-6694-469D-80F3-F33B2FE5CD56}"
EndProject
Project("{9A19103F-16F7-4668-BE54-9A1E7A4F7556}") = "AppEndCommon", "AppEndCommon\AppEndCommon.csproj", "{2F1A96C6-7346-4A36-9A21-9BDE51769FCF}"
EndProject
Project("{9A19103F-16F7-4668-BE54-9A1E7A4F7556}") = "AppEndDbIO", "AppEndDbIO\AppEndDbIO.csproj", "{6A044A00-AD87-41D8-9058-7BCDFE197798}"
EndProject
Project("{9A19103F-16F7-4668-BE54-9A1E7A4F7556}") = "AppEndServer", "AppEndServer\AppEndServer.csproj", "{DF54D1AB-17CD-4DF6-88FC-AC0A79CDFC7B}"
EndProject
Project("{9A19103F-16F7-4668-BE54-9A1E7A4F7556}") = "AppEndHost", "AppEndHost\AppEndHost.csproj", "{1FEC6C51-9381-440F-8A2A-C124BF11177D}"
EndProject
Project("{2150E333-8FDC-42A3-9474-1A3956D46DE8}") = "Solution Items", "Solution Items", "{A3E7DFEB-C22A-4B6C-9D32-2372E27AF695}"
	ProjectSection(SolutionItems) = preProject
		.gitignore = .gitignore
		LICENSE.txt = LICENSE.txt
		README.md = README.md
		Todo.txt = Todo.txt
	EndProjectSection
EndProject
Global
	GlobalSection(SolutionConfigurationPlatforms) = preSolution
		Debug|Any CPU = Debug|Any CPU
		Release|Any CPU = Release|Any CPU
	EndGlobalSection
	GlobalSection(ProjectConfigurationPlatforms) = postSolution
		{A8014742-6694-469D-80F3-F33B2FE5CD56}.Debug|Any CPU.ActiveCfg = Debug|Any CPU
		{A8014742-6694-469D-80F3-F33B2FE5CD56}.Debug|Any CPU.Build.0 = Debug|Any CPU
		{A8014742-6694-469D-80F3-F33B2FE5CD56}.Release|Any CPU.ActiveCfg = Release|Any CPU
		{A8014742-6694-469D-80F3-F33B2FE5CD56}.Release|Any CPU.Build.0 = Release|Any CPU
		{2F1A96C6-7346-4A36-9A21-9BDE51769FCF}.Debug|Any CPU.ActiveCfg = Debug|Any CPU
		{2F1A96C6-7346-4A36-9A21-9BDE51769FCF}.Debug|Any CPU.Build.0 = Debug|Any CPU
		{2F1A96C6-7346-4A36-9A21-9BDE51769FCF}.Release|Any CPU.ActiveCfg = Release|Any CPU
		{2F1A96C6-7346-4A36-9A21-9BDE51769FCF}.Release|Any CPU.Build.0 = Release|Any CPU
		{6A044A00-AD87-41D8-9058-7BCDFE197798}.Debug|Any CPU.ActiveCfg = Debug|Any CPU
		{6A044A00-AD87-41D8-9058-7BCDFE197798}.Debug|Any CPU.Build.0 = Debug|Any CPU
		{6A044A00-AD87-41D8-9058-7BCDFE197798}.Release|Any CPU.ActiveCfg = Release|Any CPU
		{6A044A00-AD87-41D8-9058-7BCDFE197798}.Release|Any CPU.Build.0 = Release|Any CPU
		{DF54D1AB-17CD-4DF6-88FC-AC0A79CDFC7B}.Debug|Any CPU.ActiveCfg = Debug|Any CPU
		{DF54D1AB-17CD-4DF6-88FC-AC0A79CDFC7B}.Debug|Any CPU.Build.0 = Debug|Any CPU
		{DF54D1AB-17CD-4DF6-88FC-AC0A79CDFC7B}.Release|Any CPU.ActiveCfg = Release|Any CPU
		{DF54D1AB-17CD-4DF6-88FC-AC0A79CDFC7B}.Release|Any CPU.Build.0 = Release|Any CPU
		{1FEC6C51-9381-440F-8A2A-C124BF11177D}.Debug|Any CPU.ActiveCfg = Debug|Any CPU
		{1FEC6C51-9381-440F-8A2A-C124BF11177D}.Debug|Any CPU.Build.0 = Debug|Any CPU
		{1FEC6C51-9381-440F-8A2A-C124BF11177D}.Release|Any CPU.ActiveCfg = Release|Any CPU
		{1FEC6C51-9381-440F-8A2A-C124BF11177D}.Release|Any CPU.Build.0 = Release|Any CPU
	EndGlobalSection
	GlobalSection(SolutionProperties) = preSolution
		HideSolutionNode = FALSE
	EndGlobalSection
	GlobalSection(ExtensibilityGlobals) = postSolution
		SolutionGuid = {9D444BB7-3148-41FB-9E64-D3466BBCEBE6}
	EndGlobalSection
EndGlobal
